
Microsoft Visual Studio Solution File, Format Version 12.00
# Visual Studio Version 16
VisualStudioVersion = 16.0.30114.105
MinimumVisualStudioVersion = 10.0.40219.1
Project("{FAE04EC0-301F-11D3-BF4B-00C04F79EFBC}") = "WpfMailSender", "WpfMailSender\WpfMailSender.csproj", "{0351F2EA-47E2-4D0C-88F3-94A9D3D82D23}"
EndProject
Project("{FAE04EC0-301F-11D3-BF4B-00C04F79EFBC}") = "CodePasswordDLL", "CodePasswordDLL\CodePasswordDLL.csproj", "{8FCF6C31-1FB8-4291-A20D-53A8E8C0D585}"
EndProject
Project("{FAE04EC0-301F-11D3-BF4B-00C04F79EFBC}") = "TabSwitcher", "TabSwitcher\TabSwitcher.csproj", "{63C31737-6011-4705-80E1-7A34D961F2D6}"
EndProject
Global
	GlobalSection(SolutionConfigurationPlatforms) = preSolution
		Debug|Any CPU = Debug|Any CPU
		Release|Any CPU = Release|Any CPU
	EndGlobalSection
	GlobalSection(ProjectConfigurationPlatforms) = postSolution
		{0351F2EA-47E2-4D0C-88F3-94A9D3D82D23}.Debug|Any CPU.ActiveCfg = Debug|Any CPU
		{0351F2EA-47E2-4D0C-88F3-94A9D3D82D23}.Debug|Any CPU.Build.0 = Debug|Any CPU
		{0351F2EA-47E2-4D0C-88F3-94A9D3D82D23}.Release|Any CPU.ActiveCfg = Release|Any CPU
		{0351F2EA-47E2-4D0C-88F3-94A9D3D82D23}.Release|Any CPU.Build.0 = Release|Any CPU
		{8FCF6C31-1FB8-4291-A20D-53A8E8C0D585}.Debug|Any CPU.ActiveCfg = Debug|Any CPU
		{8FCF6C31-1FB8-4291-A20D-53A8E8C0D585}.Debug|Any CPU.Build.0 = Debug|Any CPU
		{8FCF6C31-1FB8-4291-A20D-53A8E8C0D585}.Release|Any CPU.ActiveCfg = Release|Any CPU
		{8FCF6C31-1FB8-4291-A20D-53A8E8C0D585}.Release|Any CPU.Build.0 = Release|Any CPU
		{63C31737-6011-4705-80E1-7A34D961F2D6}.Debug|Any CPU.ActiveCfg = Debug|Any CPU
		{63C31737-6011-4705-80E1-7A34D961F2D6}.Debug|Any CPU.Build.0 = Debug|Any CPU
		{63C31737-6011-4705-80E1-7A34D961F2D6}.Release|Any CPU.ActiveCfg = Release|Any CPU
		{63C31737-6011-4705-80E1-7A34D961F2D6}.Release|Any CPU.Build.0 = Release|Any CPU
	EndGlobalSection
	GlobalSection(SolutionProperties) = preSolution
		HideSolutionNode = FALSE
	EndGlobalSection
	GlobalSection(ExtensibilityGlobals) = postSolution
		SolutionGuid = {A9D35E04-7184-41DE-AE43-294C4DA3BDFF}
	EndGlobalSection
EndGlobal
